%{
  "arke": {:hex, :arke, "0.3.0", "80d0c75247d7e0202545077c85d94a7168a6b22fa1b9476fd94708bdbe525abf", [:mix], [{:calendar, "~> 1.0.0", [hex: :calendar, repo: "hexpm", optional: false]}, {:google_api_storage, "~> 0.34.0", [hex: :google_api_storage, repo: "hexpm", optional: false]}, {:goth, "~> 1.3.0", [hex: :goth, repo: "hexpm", optional: false]}, {:httpoison, "~> 2.0", [hex: :httpoison, repo: "hexpm", optional: false]}, {:libcluster, "~> 3.3", [hex: :libcluster, repo: "hexpm", optional: false]}, {:timex, "~> 3.7.11", [hex: :timex, repo: "hexpm", optional: false]}, {:typed_struct, "~> 0.2.1", [hex: :typed_struct, repo: "hexpm", optional: false]}, {:uuid, "~> 1.1", [hex: :uuid, repo: "hexpm", optional: false]}, {:xlsxir, "~> 1.6", [hex: :xlsxir, repo: "hexpm", optional: false]}], "hexpm", "2b1f830159ddadfb27f81e5a527cd2425a2c6e7943915a381c2fe39377639cc9"},
  "arke_auth": {:hex, :arke_auth, "0.3.0", "33b043678caaca8d1f69669e8816285d5f9d537440400e5714dd6c77ed211fba", [:mix], [{:arke, "~> 0.3.0", [hex: :arke, repo: "hexpm", optional: false]}, {:bcrypt_elixir, "~> 1.0", [hex: :bcrypt_elixir, repo: "hexpm", optional: false]}, {:comeonin, "~> 4.0", [hex: :comeonin, repo: "hexpm", optional: false]}, {:guardian, "~> 2.2.3", [hex: :guardian, repo: "hexpm", optional: false]}, {:typed_struct, "~> 0.2.1", [hex: :typed_struct, repo: "hexpm", optional: false]}], "hexpm", "eb1059f91699989fa65960e5ee6b4f61a8e90a30dd229d44079cac1b9573ab4f"},
  "arke_postgres": {:hex, :arke_postgres, "0.3.0", "bfceee32a0664a6c6e61f21d72a200640f445117fe69e53bcd8940fa3558f819", [:mix], [{:arke, "~> 0.3.0", [hex: :arke, repo: "hexpm", optional: false]}, {:ecto_sql, "~> 3.11.0", [hex: :ecto_sql, repo: "hexpm", optional: false]}, {:jason, "~> 1.2", [hex: :jason, repo: "hexpm", optional: false]}, {:postgrex, ">= 0.0.0", [hex: :postgrex, repo: "hexpm", optional: false]}], "hexpm", "a13a6482304ad6c39ab5b9c16bb63cfdc76b4598e8d0849993763e8aa463245c"},
  "bcrypt_elixir": {:hex, :bcrypt_elixir, "1.1.1", "6b5560e47a02196ce5f0ab3f1d8265db79a23868c137e973b27afef928ed8006", [:make, :mix], [{:elixir_make, "~> 0.4", [hex: :elixir_make, repo: "hexpm", optional: false]}], "hexpm", "10f658be786bd2daaadcd45cc5b598da01d5bbc313da4d0e3efb2d6a511d896d"},
  "bunt": {:hex, :bunt, "1.0.0", "081c2c665f086849e6d57900292b3a161727ab40431219529f13c4ddcf3e7a44", [:mix], [], "hexpm", "dc5f86aa08a5f6fa6b8096f0735c4e76d54ae5c9fa2c143e5a1fc7c1cd9bb6b5"},
  "calendar": {:hex, :calendar, "1.0.0", "f52073a708528482ec33d0a171954ca610fe2bd28f1e871f247dc7f1565fa807", [:mix], [{:tzdata, "~> 0.1.201603 or ~> 0.5.20 or ~> 1.0", [hex: :tzdata, repo: "hexpm", optional: false]}], "hexpm", "990e9581920c82912a5ee50e62ff5ef96da6b15949a2ee4734f935fdef0f0a6f"},
  "castore": {:hex, :castore, "1.0.7", "b651241514e5f6956028147fe6637f7ac13802537e895a724f90bf3e36ddd1dd", [:mix], [], "hexpm", "da7785a4b0d2a021cd1292a60875a784b6caef71e76bf4917bdee1f390455cf5"},
  "certifi": {:hex, :certifi, "2.12.0", "2d1cca2ec95f59643862af91f001478c9863c2ac9cb6e2f89780bfd8de987329", [:rebar3], [], "hexpm", "ee68d85df22e554040cdb4be100f33873ac6051387baf6a8f6ce82272340ff1c"},
  "combine": {:hex, :combine, "0.10.0", "eff8224eeb56498a2af13011d142c5e7997a80c8f5b97c499f84c841032e429f", [:mix], [], "hexpm", "1b1dbc1790073076580d0d1d64e42eae2366583e7aecd455d1215b0d16f2451b"},
  "comeonin": {:hex, :comeonin, "4.1.2", "3eb5620fd8e35508991664b4c2b04dd41e52f1620b36957be837c1d7784b7592", [:mix], [{:argon2_elixir, "~> 1.2", [hex: :argon2_elixir, repo: "hexpm", optional: true]}, {:bcrypt_elixir, "~> 0.12.1 or ~> 1.0", [hex: :bcrypt_elixir, repo: "hexpm", optional: true]}, {:pbkdf2_elixir, "~> 0.12", [hex: :pbkdf2_elixir, repo: "hexpm", optional: true]}], "hexpm", "d8700a0ca4dbb616c22c9b3f6dd539d88deaafec3efe66869d6370c9a559b3e9"},
  "corsica": {:hex, :corsica, "1.3.0", "bbec02ccbeca1fdf44ee23b25a8ae32f7c6c28fc127ef8836dd8420e8f65bd9b", [:mix], [{:plug, "~> 1.0", [hex: :plug, repo: "hexpm", optional: false]}], "hexpm", "8847ec817554047e9aa6d9933539cacb10c4ee60b58e0c15c3b380c5b737b35f"},
  "cowboy": {:hex, :cowboy, "2.12.0", "f276d521a1ff88b2b9b4c54d0e753da6c66dd7be6c9fca3d9418b561828a3731", [:make, :rebar3], [{:cowlib, "2.13.0", [hex: :cowlib, repo: "hexpm", optional: false]}, {:ranch, "1.8.0", [hex: :ranch, repo: "hexpm", optional: false]}], "hexpm", "8a7abe6d183372ceb21caa2709bec928ab2b72e18a3911aa1771639bef82651e"},
  "cowboy_telemetry": {:hex, :cowboy_telemetry, "0.4.0", "f239f68b588efa7707abce16a84d0d2acf3a0f50571f8bb7f56a15865aae820c", [:rebar3], [{:cowboy, "~> 2.7", [hex: :cowboy, repo: "hexpm", optional: false]}, {:telemetry, "~> 1.0", [hex: :telemetry, repo: "hexpm", optional: false]}], "hexpm", "7d98bac1ee4565d31b62d59f8823dfd8356a169e7fcbb83831b8a5397404c9de"},
  "cowlib": {:hex, :cowlib, "2.13.0", "db8f7505d8332d98ef50a3ef34b34c1afddec7506e4ee4dd4a3a266285d282ca", [:make, :rebar3], [], "hexpm", "e1e1284dc3fc030a64b1ad0d8382ae7e99da46c3246b815318a4b848873800a4"},
  "credo": {:hex, :credo, "1.7.5", "643213503b1c766ec0496d828c90c424471ea54da77c8a168c725686377b9545", [:mix], [{:bunt, "~> 0.2.1 or ~> 1.0", [hex: :bunt, repo: "hexpm", optional: false]}, {:file_system, "~> 0.2 or ~> 1.0", [hex: :file_system, repo: "hexpm", optional: false]}, {:jason, "~> 1.0", [hex: :jason, repo: "hexpm", optional: false]}], "hexpm", "f799e9b5cd1891577d8c773d245668aa74a2fcd15eb277f51a0131690ebfb3fd"},
  "db_connection": {:hex, :db_connection, "2.6.0", "77d835c472b5b67fc4f29556dee74bf511bbafecdcaf98c27d27fa5918152086", [:mix], [{:telemetry, "~> 0.4 or ~> 1.0", [hex: :telemetry, repo: "hexpm", optional: false]}], "hexpm", "c2f992d15725e721ec7fbc1189d4ecdb8afef76648c746a8e1cad35e3b8a35f3"},
  "decimal": {:hex, :decimal, "2.1.1", "5611dca5d4b2c3dd497dec8f68751f1f1a54755e8ed2a966c2633cf885973ad6", [:mix], [], "hexpm", "53cfe5f497ed0e7771ae1a475575603d77425099ba5faef9394932b35020ffcc"},
  "earmark_parser": {:hex, :earmark_parser, "1.4.39", "424642f8335b05bb9eb611aa1564c148a8ee35c9c8a8bba6e129d51a3e3c6769", [:mix], [], "hexpm", "06553a88d1f1846da9ef066b87b57c6f605552cfbe40d20bd8d59cc6bde41944"},
  "ecto": {:hex, :ecto, "3.11.2", "e1d26be989db350a633667c5cda9c3d115ae779b66da567c68c80cfb26a8c9ee", [:mix], [{:decimal, "~> 2.0", [hex: :decimal, repo: "hexpm", optional: false]}, {:jason, "~> 1.0", [hex: :jason, repo: "hexpm", optional: true]}, {:telemetry, "~> 0.4 or ~> 1.0", [hex: :telemetry, repo: "hexpm", optional: false]}], "hexpm", "3c38bca2c6f8d8023f2145326cc8a80100c3ffe4dcbd9842ff867f7fc6156c65"},
  "ecto_sql": {:hex, :ecto_sql, "3.11.1", "e9abf28ae27ef3916b43545f9578b4750956ccea444853606472089e7d169470", [:mix], [{:db_connection, "~> 2.4.1 or ~> 2.5", [hex: :db_connection, repo: "hexpm", optional: false]}, {:ecto, "~> 3.11.0", [hex: :ecto, repo: "hexpm", optional: false]}, {:myxql, "~> 0.6.0", [hex: :myxql, repo: "hexpm", optional: true]}, {:postgrex, "~> 0.16.0 or ~> 0.17.0 or ~> 1.0", [hex: :postgrex, repo: "hexpm", optional: true]}, {:tds, "~> 2.1.1 or ~> 2.2", [hex: :tds, repo: "hexpm", optional: true]}, {:telemetry, "~> 0.4.0 or ~> 1.0", [hex: :telemetry, repo: "hexpm", optional: false]}], "hexpm", "ce14063ab3514424276e7e360108ad6c2308f6d88164a076aac8a387e1fea634"},
  "elixir_make": {:hex, :elixir_make, "0.8.3", "d38d7ee1578d722d89b4d452a3e36bcfdc644c618f0d063b874661876e708683", [:mix], [{:castore, "~> 0.1 or ~> 1.0", [hex: :castore, repo: "hexpm", optional: true]}, {:certifi, "~> 2.0", [hex: :certifi, repo: "hexpm", optional: true]}], "hexpm", "5c99a18571a756d4af7a4d89ca75c28ac899e6103af6f223982f09ce44942cc9"},
  "erlsom": {:hex, :erlsom, "1.5.1", "c8fe2babd33ff0846403f6522328b8ab676f896b793634cfe7ef181c05316c03", [:rebar3], [], "hexpm", "7965485494c5844dd127656ac40f141aadfa174839ec1be1074e7edf5b4239eb"},
  "ex_doc": {:hex, :ex_doc, "0.32.1", "21e40f939515373bcdc9cffe65f3b3543f05015ac6c3d01d991874129d173420", [:mix], [{:earmark_parser, "~> 1.4.39", [hex: :earmark_parser, repo: "hexpm", optional: false]}, {:makeup_c, ">= 0.1.1", [hex: :makeup_c, repo: "hexpm", optional: true]}, {:makeup_elixir, "~> 0.14", [hex: :makeup_elixir, repo: "hexpm", optional: false]}, {:makeup_erlang, "~> 0.1", [hex: :makeup_erlang, repo: "hexpm", optional: false]}], "hexpm", "5142c9db521f106d61ff33250f779807ed2a88620e472ac95dc7d59c380113da"},
  "excoveralls": {:hex, :excoveralls, "0.18.1", "a6f547570c6b24ec13f122a5634833a063aec49218f6fff27de9df693a15588c", [:mix], [{:castore, "~> 1.0", [hex: :castore, repo: "hexpm", optional: true]}, {:jason, "~> 1.0", [hex: :jason, repo: "hexpm", optional: false]}], "hexpm", "d65f79db146bb20399f23046015974de0079668b9abb2f5aac074d078da60b8d"},
  "expo": {:hex, :expo, "0.5.2", "beba786aab8e3c5431813d7a44b828e7b922bfa431d6bfbada0904535342efe2", [:mix], [], "hexpm", "8c9bfa06ca017c9cb4020fabe980bc7fdb1aaec059fd004c2ab3bff03b1c599c"},
  "file_system": {:hex, :file_system, "1.0.0", "b689cc7dcee665f774de94b5a832e578bd7963c8e637ef940cd44327db7de2cd", [:mix], [], "hexpm", "6752092d66aec5a10e662aefeed8ddb9531d79db0bc145bb8c40325ca1d8536d"},
  "finch": {:hex, :finch, "0.18.0", "944ac7d34d0bd2ac8998f79f7a811b21d87d911e77a786bc5810adb75632ada4", [:mix], [{:castore, "~> 0.1 or ~> 1.0", [hex: :castore, repo: "hexpm", optional: false]}, {:mime, "~> 1.0 or ~> 2.0", [hex: :mime, repo: "hexpm", optional: false]}, {:mint, "~> 1.3", [hex: :mint, repo: "hexpm", optional: false]}, {:nimble_options, "~> 0.4 or ~> 1.0", [hex: :nimble_options, repo: "hexpm", optional: false]}, {:nimble_pool, "~> 0.2.6 or ~> 1.0", [hex: :nimble_pool, repo: "hexpm", optional: false]}, {:telemetry, "~> 0.4 or ~> 1.0", [hex: :telemetry, repo: "hexpm", optional: false]}], "hexpm", "69f5045b042e531e53edc2574f15e25e735b522c37e2ddb766e15b979e03aa65"},
  "gettext": {:hex, :gettext, "0.24.0", "6f4d90ac5f3111673cbefc4ebee96fe5f37a114861ab8c7b7d5b30a1108ce6d8", [:mix], [{:expo, "~> 0.5.1", [hex: :expo, repo: "hexpm", optional: false]}], "hexpm", "bdf75cdfcbe9e4622dd18e034b227d77dd17f0f133853a1c73b97b3d6c770e8b"},
  "google_api_storage": {:hex, :google_api_storage, "0.34.0", "4811461a5065f8a5d59a7fe71efd9c491ba593d20743f0d6f4714153c1dd575f", [:mix], [{:google_gax, "~> 0.4", [hex: :google_gax, repo: "hexpm", optional: false]}], "hexpm", "b343f2f1688acd2e8a2302bed399a24d93626f8e8c809b358214bb0fb7d2669a"},
  "google_gax": {:hex, :google_gax, "0.4.1", "310105070626013712c56f8007b6ff7b4ead02ecad1efe7888350c6eaba52783", [:mix], [{:mime, "~> 1.0", [hex: :mime, repo: "hexpm", optional: false]}, {:poison, ">= 3.0.0 and < 5.0.0", [hex: :poison, repo: "hexpm", optional: false]}, {:tesla, "~> 1.2", [hex: :tesla, repo: "hexpm", optional: false]}], "hexpm", "aef7dce7e04840c0e611f962475e3223d27d50ebd5e7d8e9e963c5e9e3b1ca79"},
  "goth": {:hex, :goth, "1.3.1", "f3e08a7f23ea8992ab92d2e1d5c72ea1a8fbd2fe3a46ad1b08d0620f71374fdc", [:mix], [{:finch, "~> 0.9", [hex: :finch, repo: "hexpm", optional: false]}, {:jason, "~> 1.1", [hex: :jason, repo: "hexpm", optional: false]}, {:jose, "~> 1.10", [hex: :jose, repo: "hexpm", optional: false]}], "hexpm", "90326c2c0a7acda7fb75fc4a4f0cba84945d8fcb22694d36c9967cec8949937c"},
  "guardian": {:hex, :guardian, "2.2.4", "3dafdc19665411c96b2796d184064d691bc08813a132da5119e39302a252b755", [:mix], [{:jose, "~> 1.8", [hex: :jose, repo: "hexpm", optional: false]}, {:plug, "~> 1.3.3 or ~> 1.4", [hex: :plug, repo: "hexpm", optional: true]}], "hexpm", "6f83d4309c16ec2469da8606bb2a9815512cc2fac1595ad34b79940a224eb110"},
  "hackney": {:hex, :hackney, "1.20.1", "8d97aec62ddddd757d128bfd1df6c5861093419f8f7a4223823537bad5d064e2", [:rebar3], [{:certifi, "~> 2.12.0", [hex: :certifi, repo: "hexpm", optional: false]}, {:idna, "~> 6.1.0", [hex: :idna, repo: "hexpm", optional: false]}, {:metrics, "~> 1.0.0", [hex: :metrics, repo: "hexpm", optional: false]}, {:mimerl, "~> 1.1", [hex: :mimerl, repo: "hexpm", optional: false]}, {:parse_trans, "3.4.1", [hex: :parse_trans, repo: "hexpm", optional: false]}, {:ssl_verify_fun, "~> 1.1.0", [hex: :ssl_verify_fun, repo: "hexpm", optional: false]}, {:unicode_util_compat, "~> 0.7.0", [hex: :unicode_util_compat, repo: "hexpm", optional: false]}], "hexpm", "fe9094e5f1a2a2c0a7d10918fee36bfec0ec2a979994cff8cfe8058cd9af38e3"},
  "hpax": {:hex, :hpax, "0.2.0", "5a58219adcb75977b2edce5eb22051de9362f08236220c9e859a47111c194ff5", [:mix], [], "hexpm", "bea06558cdae85bed075e6c036993d43cd54d447f76d8190a8db0dc5893fa2f1"},
  "httpoison": {:hex, :httpoison, "2.2.1", "87b7ed6d95db0389f7df02779644171d7319d319178f6680438167d7b69b1f3d", [:mix], [{:hackney, "~> 1.17", [hex: :hackney, repo: "hexpm", optional: false]}], "hexpm", "51364e6d2f429d80e14fe4b5f8e39719cacd03eb3f9a9286e61e216feac2d2df"},
  "idna": {:hex, :idna, "6.1.1", "8a63070e9f7d0c62eb9d9fcb360a7de382448200fbbd1b106cc96d3d8099df8d", [:rebar3], [{:unicode_util_compat, "~> 0.7.0", [hex: :unicode_util_compat, repo: "hexpm", optional: false]}], "hexpm", "92376eb7894412ed19ac475e4a86f7b413c1b9fbb5bd16dccd57934157944cea"},
  "jason": {:hex, :jason, "1.4.1", "af1504e35f629ddcdd6addb3513c3853991f694921b1b9368b0bd32beb9f1b63", [:mix], [{:decimal, "~> 1.0 or ~> 2.0", [hex: :decimal, repo: "hexpm", optional: true]}], "hexpm", "fbb01ecdfd565b56261302f7e1fcc27c4fb8f32d56eab74db621fc154604a7a1"},
  "jose": {:hex, :jose, "1.11.10", "a903f5227417bd2a08c8a00a0cbcc458118be84480955e8d251297a425723f83", [:mix, :rebar3], [], "hexpm", "0d6cd36ff8ba174db29148fc112b5842186b68a90ce9fc2b3ec3afe76593e614"},
  "libcluster": {:hex, :libcluster, "3.3.3", "a4f17721a19004cfc4467268e17cff8b1f951befe428975dd4f6f7b84d927fe0", [:mix], [{:jason, "~> 1.1", [hex: :jason, repo: "hexpm", optional: false]}], "hexpm", "7c0a2275a0bb83c07acd17dab3c3bfb4897b145106750eeccc62d302e3bdfee5"},
  "makeup": {:hex, :makeup, "1.1.1", "fa0bc768698053b2b3869fa8a62616501ff9d11a562f3ce39580d60860c3a55e", [:mix], [{:nimble_parsec, "~> 1.2.2 or ~> 1.3", [hex: :nimble_parsec, repo: "hexpm", optional: false]}], "hexpm", "5dc62fbdd0de44de194898b6710692490be74baa02d9d108bc29f007783b0b48"},
  "makeup_elixir": {:hex, :makeup_elixir, "0.16.2", "627e84b8e8bf22e60a2579dad15067c755531fea049ae26ef1020cad58fe9578", [:mix], [{:makeup, "~> 1.0", [hex: :makeup, repo: "hexpm", optional: false]}, {:nimble_parsec, "~> 1.2.3 or ~> 1.3", [hex: :nimble_parsec, repo: "hexpm", optional: false]}], "hexpm", "41193978704763f6bbe6cc2758b84909e62984c7752b3784bd3c218bb341706b"},
  "makeup_erlang": {:hex, :makeup_erlang, "0.1.5", "e0ff5a7c708dda34311f7522a8758e23bfcd7d8d8068dc312b5eb41c6fd76eba", [:mix], [{:makeup, "~> 1.0", [hex: :makeup, repo: "hexpm", optional: false]}], "hexpm", "94d2e986428585a21516d7d7149781480013c56e30c6a233534bedf38867a59a"},
  "metrics": {:hex, :metrics, "1.0.1", "25f094dea2cda98213cecc3aeff09e940299d950904393b2a29d191c346a8486", [:rebar3], [], "hexpm", "69b09adddc4f74a40716ae54d140f93beb0fb8978d8636eaded0c31b6f099f16"},
  "mime": {:hex, :mime, "1.6.0", "dabde576a497cef4bbdd60aceee8160e02a6c89250d6c0b29e56c0dfb00db3d2", [:mix], [], "hexpm", "31a1a8613f8321143dde1dafc36006a17d28d02bdfecb9e95a880fa7aabd19a7"},
  "mimerl": {:hex, :mimerl, "1.2.0", "67e2d3f571088d5cfd3e550c383094b47159f3eee8ffa08e64106cdf5e981be3", [:rebar3], [], "hexpm", "f278585650aa581986264638ebf698f8bb19df297f66ad91b18910dfc6e19323"},
  "mint": {:hex, :mint, "1.6.0", "88a4f91cd690508a04ff1c3e28952f322528934be541844d54e0ceb765f01d5e", [:mix], [{:castore, "~> 0.1.0 or ~> 1.0", [hex: :castore, repo: "hexpm", optional: true]}, {:hpax, "~> 0.1.1 or ~> 0.2.0", [hex: :hpax, repo: "hexpm", optional: false]}], "hexpm", "3c5ae85d90a5aca0a49c0d8b67360bbe407f3b54f1030a111047ff988e8fefaa"},
  "nimble_options": {:hex, :nimble_options, "1.1.0", "3b31a57ede9cb1502071fade751ab0c7b8dbe75a9a4c2b5bbb0943a690b63172", [:mix], [], "hexpm", "8bbbb3941af3ca9acc7835f5655ea062111c9c27bcac53e004460dfd19008a99"},
  "nimble_parsec": {:hex, :nimble_parsec, "1.4.0", "51f9b613ea62cfa97b25ccc2c1b4216e81df970acd8e16e8d1bdc58fef21370d", [:mix], [], "hexpm", "9c565862810fb383e9838c1dd2d7d2c437b3d13b267414ba6af33e50d2d1cf28"},
  "nimble_pool": {:hex, :nimble_pool, "1.1.0", "bf9c29fbdcba3564a8b800d1eeb5a3c58f36e1e11d7b7fb2e084a643f645f06b", [:mix], [], "hexpm", "af2e4e6b34197db81f7aad230c1118eac993acc0dae6bc83bac0126d4ae0813a"},
  "open_api_spex": {:hex, :open_api_spex, "3.18.3", "fefb84fe323cacfc92afdd0ecb9e89bc0261ae00b7e3167ffc2028ce3944de42", [:mix], [{:jason, "~> 1.0", [hex: :jason, repo: "hexpm", optional: true]}, {:plug, "~> 1.7", [hex: :plug, repo: "hexpm", optional: false]}, {:poison, "~> 3.0 or ~> 4.0 or ~> 5.0", [hex: :poison, repo: "hexpm", optional: true]}, {:ymlr, "~> 2.0 or ~> 3.0 or ~> 4.0 or ~> 5.0", [hex: :ymlr, repo: "hexpm", optional: true]}], "hexpm", "c0cfc31570199ce7e7520b494a591027da609af45f6bf9adce51e2469b1609fb"},
  "parse_trans": {:hex, :parse_trans, "3.4.1", "6e6aa8167cb44cc8f39441d05193be6e6f4e7c2946cb2759f015f8c56b76e5ff", [:rebar3], [], "hexpm", "620a406ce75dada827b82e453c19cf06776be266f5a67cff34e1ef2cbb60e49a"},
  "phoenix": {:hex, :phoenix, "1.6.16", "e5bdd18c7a06da5852a25c7befb72246de4ddc289182285f8685a40b7b5f5451", [:mix], [{:castore, ">= 0.0.0", [hex: :castore, repo: "hexpm", optional: false]}, {:jason, "~> 1.0", [hex: :jason, repo: "hexpm", optional: true]}, {:phoenix_pubsub, "~> 2.0", [hex: :phoenix_pubsub, repo: "hexpm", optional: false]}, {:phoenix_view, "~> 1.0 or ~> 2.0", [hex: :phoenix_view, repo: "hexpm", optional: false]}, {:plug, "~> 1.10", [hex: :plug, repo: "hexpm", optional: false]}, {:plug_cowboy, "~> 2.2", [hex: :plug_cowboy, repo: "hexpm", optional: true]}, {:plug_crypto, "~> 1.2", [hex: :plug_crypto, repo: "hexpm", optional: false]}, {:telemetry, "~> 0.4 or ~> 1.0", [hex: :telemetry, repo: "hexpm", optional: false]}], "hexpm", "e15989ff34f670a96b95ef6d1d25bad0d9c50df5df40b671d8f4a669e050ac39"},
  "phoenix_pubsub": {:hex, :phoenix_pubsub, "2.1.3", "3168d78ba41835aecad272d5e8cd51aa87a7ac9eb836eabc42f6e57538e3731d", [:mix], [], "hexpm", "bba06bc1dcfd8cb086759f0edc94a8ba2bc8896d5331a1e2c2902bf8e36ee502"},
  "phoenix_template": {:hex, :phoenix_template, "1.0.4", "e2092c132f3b5e5b2d49c96695342eb36d0ed514c5b252a77048d5969330d639", [:mix], [{:phoenix_html, "~> 2.14.2 or ~> 3.0 or ~> 4.0", [hex: :phoenix_html, repo: "hexpm", optional: true]}], "hexpm", "2c0c81f0e5c6753faf5cca2f229c9709919aba34fab866d3bc05060c9c444206"},
  "phoenix_view": {:hex, :phoenix_view, "2.0.3", "4d32c4817fce933693741deeb99ef1392619f942633dde834a5163124813aad3", [:mix], [{:phoenix_html, "~> 2.14.2 or ~> 3.0 or ~> 4.0", [hex: :phoenix_html, repo: "hexpm", optional: true]}, {:phoenix_template, "~> 1.0", [hex: :phoenix_template, repo: "hexpm", optional: false]}], "hexpm", "cd34049af41be2c627df99cd4eaa71fc52a328c0c3d8e7d4aa28f880c30e7f64"},
  "plug": {:hex, :plug, "1.15.3", "712976f504418f6dff0a3e554c40d705a9bcf89a7ccef92fc6a5ef8f16a30a97", [:mix], [{:mime, "~> 1.0 or ~> 2.0", [hex: :mime, repo: "hexpm", optional: false]}, {:plug_crypto, "~> 1.1.1 or ~> 1.2 or ~> 2.0", [hex: :plug_crypto, repo: "hexpm", optional: false]}, {:telemetry, "~> 0.4.3 or ~> 1.0", [hex: :telemetry, repo: "hexpm", optional: false]}], "hexpm", "cc4365a3c010a56af402e0809208873d113e9c38c401cabd88027ef4f5c01fd2"},
  "plug_cowboy": {:hex, :plug_cowboy, "2.7.1", "87677ffe3b765bc96a89be7960f81703223fe2e21efa42c125fcd0127dd9d6b2", [:mix], [{:cowboy, "~> 2.7", [hex: :cowboy, repo: "hexpm", optional: false]}, {:cowboy_telemetry, "~> 0.3", [hex: :cowboy_telemetry, repo: "hexpm", optional: false]}, {:plug, "~> 1.14", [hex: :plug, repo: "hexpm", optional: false]}], "hexpm", "02dbd5f9ab571b864ae39418db7811618506256f6d13b4a45037e5fe78dc5de3"},
  "plug_crypto": {:hex, :plug_crypto, "1.2.5", "918772575e48e81e455818229bf719d4ab4181fcbf7f85b68a35620f78d89ced", [:mix], [], "hexpm", "26549a1d6345e2172eb1c233866756ae44a9609bd33ee6f99147ab3fd87fd842"},
  "poison": {:hex, :poison, "4.0.1", "bcb755a16fac91cad79bfe9fc3585bb07b9331e50cfe3420a24bcc2d735709ae", [:mix], [], "hexpm", "ba8836feea4b394bb718a161fc59a288fe0109b5006d6bdf97b6badfcf6f0f25"},
  "postgrex": {:hex, :postgrex, "0.17.5", "0483d054938a8dc069b21bdd636bf56c487404c241ce6c319c1f43588246b281", [:mix], [{:db_connection, "~> 2.1", [hex: :db_connection, repo: "hexpm", optional: false]}, {:decimal, "~> 1.5 or ~> 2.0", [hex: :decimal, repo: "hexpm", optional: false]}, {:jason, "~> 1.0", [hex: :jason, repo: "hexpm", optional: true]}, {:table, "~> 0.1.0", [hex: :table, repo: "hexpm", optional: true]}], "hexpm", "50b8b11afbb2c4095a3ba675b4f055c416d0f3d7de6633a595fc131a828a67eb"},
  "ranch": {:hex, :ranch, "1.8.0", "8c7a100a139fd57f17327b6413e4167ac559fbc04ca7448e9be9057311597a1d", [:make, :rebar3], [], "hexpm", "49fbcfd3682fab1f5d109351b61257676da1a2fdbe295904176d5e521a2ddfe5"},
  "ssl_verify_fun": {:hex, :ssl_verify_fun, "1.1.7", "354c321cf377240c7b8716899e182ce4890c5938111a1296add3ec74cf1715df", [:make, :mix, :rebar3], [], "hexpm", "fe4c190e8f37401d30167c8c405eda19469f34577987c76dde613e838bbc67f8"},
  "swoosh": {:hex, :swoosh, "1.16.4", "d407768b3b68e3d1ff8d43b575a20c13bea338647143e241a324894cdb5af0b2", [:mix], [{:bandit, ">= 1.0.0", [hex: :bandit, repo: "hexpm", optional: true]}, {:cowboy, "~> 1.1 or ~> 2.4", [hex: :cowboy, repo: "hexpm", optional: true]}, {:ex_aws, "~> 2.1", [hex: :ex_aws, repo: "hexpm", optional: true]}, {:finch, "~> 0.6", [hex: :finch, repo: "hexpm", optional: true]}, {:gen_smtp, "~> 0.13 or ~> 1.0", [hex: :gen_smtp, repo: "hexpm", optional: true]}, {:hackney, "~> 1.9", [hex: :hackney, repo: "hexpm", optional: true]}, {:jason, "~> 1.0", [hex: :jason, repo: "hexpm", optional: false]}, {:mail, "~> 0.2", [hex: :mail, repo: "hexpm", optional: true]}, {:mime, "~> 1.1 or ~> 2.0", [hex: :mime, repo: "hexpm", optional: false]}, {:mua, "~> 0.1.0", [hex: :mua, repo: "hexpm", optional: true]}, {:multipart, "~> 0.4", [hex: :multipart, repo: "hexpm", optional: true]}, {:plug, "~> 1.9", [hex: :plug, repo: "hexpm", optional: true]}, {:plug_cowboy, ">= 1.0.0", [hex: :plug_cowboy, repo: "hexpm", optional: true]}, {:req, "~> 0.4 or ~> 1.0", [hex: :req, repo: "hexpm", optional: true]}, {:telemetry, "~> 0.4.2 or ~> 1.0", [hex: :telemetry, repo: "hexpm", optional: false]}], "hexpm", "a38798368c09b09d7108803c42f24bb051d3e87bc1b81e6f09b20bf5a31c6676"},
  "telemetry": {:hex, :telemetry, "1.2.1", "68fdfe8d8f05a8428483a97d7aab2f268aaff24b49e0f599faa091f1d4e7f61c", [:rebar3], [], "hexpm", "dad9ce9d8effc621708f99eac538ef1cbe05d6a874dd741de2e689c47feafed5"},
  "telemetry_metrics": {:hex, :telemetry_metrics, "0.6.2", "2caabe9344ec17eafe5403304771c3539f3b6e2f7fb6a6f602558c825d0d0bfb", [:mix], [{:telemetry, "~> 0.4 or ~> 1.0", [hex: :telemetry, repo: "hexpm", optional: false]}], "hexpm", "9b43db0dc33863930b9ef9d27137e78974756f5f198cae18409970ed6fa5b561"},
  "telemetry_poller": {:hex, :telemetry_poller, "1.1.0", "58fa7c216257291caaf8d05678c8d01bd45f4bdbc1286838a28c4bb62ef32999", [:rebar3], [{:telemetry, "~> 1.0", [hex: :telemetry, repo: "hexpm", optional: false]}], "hexpm", "9eb9d9cbfd81cbd7cdd24682f8711b6e2b691289a0de6826e58452f28c103c8f"},
  "tesla": {:hex, :tesla, "1.9.0", "8c22db6a826e56a087eeb8cdef56889731287f53feeb3f361dec5d4c8efb6f14", [:mix], [{:castore, "~> 0.1 or ~> 1.0", [hex: :castore, repo: "hexpm", optional: true]}, {:exjsx, ">= 3.0.0", [hex: :exjsx, repo: "hexpm", optional: true]}, {:finch, "~> 0.13", [hex: :finch, repo: "hexpm", optional: true]}, {:fuse, "~> 2.4", [hex: :fuse, repo: "hexpm", optional: true]}, {:gun, ">= 1.0.0", [hex: :gun, repo: "hexpm", optional: true]}, {:hackney, "~> 1.6", [hex: :hackney, repo: "hexpm", optional: true]}, {:ibrowse, "4.4.2", [hex: :ibrowse, repo: "hexpm", optional: true]}, {:jason, ">= 1.0.0", [hex: :jason, repo: "hexpm", optional: true]}, {:mime, "~> 1.0 or ~> 2.0", [hex: :mime, repo: "hexpm", optional: false]}, {:mint, "~> 1.0", [hex: :mint, repo: "hexpm", optional: true]}, {:msgpax, "~> 2.3", [hex: :msgpax, repo: "hexpm", optional: true]}, {:poison, ">= 1.0.0", [hex: :poison, repo: "hexpm", optional: true]}, {:telemetry, "~> 0.4 or ~> 1.0", [hex: :telemetry, repo: "hexpm", optional: true]}], "hexpm", "7c240c67e855f7e63e795bf16d6b3f5115a81d1f44b7fe4eadbf656bae0fef8a"},
  "timex": {:hex, :timex, "3.7.11", "bb95cb4eb1d06e27346325de506bcc6c30f9c6dea40d1ebe390b262fad1862d1", [:mix], [{:combine, "~> 0.10", [hex: :combine, repo: "hexpm", optional: false]}, {:gettext, "~> 0.20", [hex: :gettext, repo: "hexpm", optional: false]}, {:tzdata, "~> 1.1", [hex: :tzdata, repo: "hexpm", optional: false]}], "hexpm", "8b9024f7efbabaf9bd7aa04f65cf8dcd7c9818ca5737677c7b76acbc6a94d1aa"},
  "typed_struct": {:hex, :typed_struct, "0.2.1", "e1993414c371f09ff25231393b6430bd89d780e2a499ae3b2d2b00852f593d97", [:mix], [], "hexpm", "8f5218c35ec38262f627b2c522542f1eae41f625f92649c0af701a6fab2e11b3"},
  "tzdata": {:hex, :tzdata, "1.1.1", "20c8043476dfda8504952d00adac41c6eda23912278add38edc140ae0c5bcc46", [:mix], [{:hackney, "~> 1.17", [hex: :hackney, repo: "hexpm", optional: false]}], "hexpm", "a69cec8352eafcd2e198dea28a34113b60fdc6cb57eb5ad65c10292a6ba89787"},
  "unicode_util_compat": {:hex, :unicode_util_compat, "0.7.0", "bc84380c9ab48177092f43ac89e4dfa2c6d62b40b8bd132b1059ecc7232f9a78", [:rebar3], [], "hexpm", "25eee6d67df61960cf6a794239566599b09e17e668d3700247bc498638152521"},
  "uuid": {:hex, :uuid, "1.1.8", "e22fc04499de0de3ed1116b770c7737779f226ceefa0badb3592e64d5cfb4eb9", [:mix], [], "hexpm", "c790593b4c3b601f5dc2378baae7efaf5b3d73c4c6456ba85759905be792f2ac"},
  "xlsxir": {:hex, :xlsxir, "1.6.4", "d1e69439cbd9edc1190950f9f883ac364e1f31641e0395ccdb27761791b169a3", [:mix], [{:erlsom, "~> 1.5", [hex: :erlsom, repo: "hexpm", optional: false]}], "hexpm", "38e91f65eb8a4c8dea07d941c8b7e21baf8c8d4938232395c9ffd19d2eb071f2"},
  "ymlr": {:hex, :ymlr, "2.0.0", "7525b6da40250777c35456017ef44f7faec06da254eafcf9f9cfb0d65f4c8cb7", [:mix], [], "hexpm", "f9301ad7ea377213b506f6e58ddffd1a7743e24238bb70e572ee510bdc2d1d5a"},
}
