%{
  "arke": {:hex, :arke, "0.3.16", "44bf0d99f2b6b787015a6acd0088872d5b5e6d516ec76e892a13eabca5a2eab3", [:mix], [{:calendar, "~> 1.0.0", [hex: :calendar, repo: "hexpm", optional: false]}, {:google_api_storage, "~> 0.34.0", [hex: :google_api_storage, repo: "hexpm", optional: false]}, {:goth, "~> 1.3.0", [hex: :goth, repo: "hexpm", optional: false]}, {:httpoison, "~> 2.0", [hex: :httpoison, repo: "hexpm", optional: false]}, {:libcluster, "~> 3.3", [hex: :libcluster, repo: "hexpm", optional: false]}, {:timex, "~> 3.7.11", [hex: :timex, repo: "hexpm", optional: false]}, {:typed_struct, "~> 0.2.1", [hex: :typed_struct, repo: "hexpm", optional: false]}, {:uuid, "~> 1.1", [hex: :uuid, repo: "hexpm", optional: false]}, {:xlsxir, "~> 1.6", [hex: :xlsxir, repo: "hexpm", optional: false]}], "hexpm", "bff7f1dc8fbc34a140f81c3e2310b92892b5523529692e5dcc201927efcb9c7d"},
  "arke_auth": {:hex, :arke_auth, "0.3.5", "0cab36ba2bcf60b0de7370f4024112a1b14739534d0caaca97a5722279ace8d0", [:mix], [{:arke, "~> 0.3.16", [hex: :arke, repo: "hexpm", optional: false]}, {:bcrypt_elixir, "~> 1.0", [hex: :bcrypt_elixir, repo: "hexpm", optional: false]}, {:comeonin, "~> 4.0", [hex: :comeonin, repo: "hexpm", optional: false]}, {:guardian, "~> 2.2.3", [hex: :guardian, repo: "hexpm", optional: false]}, {:typed_struct, "~> 0.2.1", [hex: :typed_struct, repo: "hexpm", optional: false]}], "hexpm", "7cefb26d9c4d3bc9387e9f88ecbf8b284263803354c930b0bd5699a2cab5c80c"},
  "arke_postgres": {:hex, :arke_postgres, "0.3.7", "d20712b4c9117a0f2017b8638a4dbbdfa9cf460c13cbde9659de565c4f24fec5", [:mix], [{:arke, "~> 0.3.2", [hex: :arke, repo: "hexpm", optional: false]}, {:ecto_sql, "~> 3.11.0", [hex: :ecto_sql, repo: "hexpm", optional: false]}, {:jason, "~> 1.2", [hex: :jason, repo: "hexpm", optional: false]}, {:postgrex, ">= 0.0.0", [hex: :postgrex, repo: "hexpm", optional: false]}], "hexpm", "a8b16d948c0d37b810d3e238660a7827fd281c8f5cec1d93aa4e1e92c16edd35"},
  "bcrypt_elixir": {:hex, :bcrypt_elixir, "1.1.1", "6b5560e47a02196ce5f0ab3f1d8265db79a23868c137e973b27afef928ed8006", [:make, :mix], [{:elixir_make, "~> 0.4", [hex: :elixir_make, repo: "hexpm", optional: false]}], "hexpm", "10f658be786bd2daaadcd45cc5b598da01d5bbc313da4d0e3efb2d6a511d896d"},
  "bunt": {:hex, :bunt, "1.0.0", "081c2c665f086849e6d57900292b3a161727ab40431219529f13c4ddcf3e7a44", [:mix], [], "hexpm", "dc5f86aa08a5f6fa6b8096f0735c4e76d54ae5c9fa2c143e5a1fc7c1cd9bb6b5"},
  "calendar": {:hex, :calendar, "1.0.0", "f52073a708528482ec33d0a171954ca610fe2bd28f1e871f247dc7f1565fa807", [:mix], [{:tzdata, "~> 0.1.201603 or ~> 0.5.20 or ~> 1.0", [hex: :tzdata, repo: "hexpm", optional: false]}], "hexpm", "990e9581920c82912a5ee50e62ff5ef96da6b15949a2ee4734f935fdef0f0a6f"},
  "castore": {:hex, :castore, "1.0.12", "053f0e32700cbec356280c0e835df425a3be4bc1e0627b714330ad9d0f05497f", [:mix], [], "hexpm", "3dca286b2186055ba0c9449b4e95b97bf1b57b47c1f2644555879e659960c224"},
  "certifi": {:hex, :certifi, "2.14.0", "ed3bef654e69cde5e6c022df8070a579a79e8ba2368a00acf3d75b82d9aceeed", [:rebar3], [], "hexpm", "ea59d87ef89da429b8e905264fdec3419f84f2215bb3d81e07a18aac919026c3"},
  "combine": {:hex, :combine, "0.10.0", "eff8224eeb56498a2af13011d142c5e7997a80c8f5b97c499f84c841032e429f", [:mix], [], "hexpm", "1b1dbc1790073076580d0d1d64e42eae2366583e7aecd455d1215b0d16f2451b"},
  "comeonin": {:hex, :comeonin, "4.1.2", "3eb5620fd8e35508991664b4c2b04dd41e52f1620b36957be837c1d7784b7592", [:mix], [{:argon2_elixir, "~> 1.2", [hex: :argon2_elixir, repo: "hexpm", optional: true]}, {:bcrypt_elixir, "~> 0.12.1 or ~> 1.0", [hex: :bcrypt_elixir, repo: "hexpm", optional: true]}, {:pbkdf2_elixir, "~> 0.12", [hex: :pbkdf2_elixir, repo: "hexpm", optional: true]}], "hexpm", "d8700a0ca4dbb616c22c9b3f6dd539d88deaafec3efe66869d6370c9a559b3e9"},
  "corsica": {:hex, :corsica, "1.3.0", "bbec02ccbeca1fdf44ee23b25a8ae32f7c6c28fc127ef8836dd8420e8f65bd9b", [:mix], [{:plug, "~> 1.0", [hex: :plug, repo: "hexpm", optional: false]}], "hexpm", "8847ec817554047e9aa6d9933539cacb10c4ee60b58e0c15c3b380c5b737b35f"},
  "cowboy": {:hex, :cowboy, "2.13.0", "09d770dd5f6a22cc60c071f432cd7cb87776164527f205c5a6b0f24ff6b38990", [:make, :rebar3], [{:cowlib, ">= 2.14.0 and < 3.0.0", [hex: :cowlib, repo: "hexpm", optional: false]}, {:ranch, ">= 1.8.0 and < 3.0.0", [hex: :ranch, repo: "hexpm", optional: false]}], "hexpm", "e724d3a70995025d654c1992c7b11dbfea95205c047d86ff9bf1cda92ddc5614"},
  "cowboy_telemetry": {:hex, :cowboy_telemetry, "0.4.0", "f239f68b588efa7707abce16a84d0d2acf3a0f50571f8bb7f56a15865aae820c", [:rebar3], [{:cowboy, "~> 2.7", [hex: :cowboy, repo: "hexpm", optional: false]}, {:telemetry, "~> 1.0", [hex: :telemetry, repo: "hexpm", optional: false]}], "hexpm", "7d98bac1ee4565d31b62d59f8823dfd8356a169e7fcbb83831b8a5397404c9de"},
  "cowlib": {:hex, :cowlib, "2.14.0", "623791c56c1cc9df54a71a9c55147a401549917f00a2e48a6ae12b812c586ced", [:make, :rebar3], [], "hexpm", "0af652d1550c8411c3b58eed7a035a7fb088c0b86aff6bc504b0bc3b7f791aa2"},
  "credo": {:hex, :credo, "1.7.5", "643213503b1c766ec0496d828c90c424471ea54da77c8a168c725686377b9545", [:mix], [{:bunt, "~> 0.2.1 or ~> 1.0", [hex: :bunt, repo: "hexpm", optional: false]}, {:file_system, "~> 0.2 or ~> 1.0", [hex: :file_system, repo: "hexpm", optional: false]}, {:jason, "~> 1.0", [hex: :jason, repo: "hexpm", optional: false]}], "hexpm", "f799e9b5cd1891577d8c773d245668aa74a2fcd15eb277f51a0131690ebfb3fd"},
  "db_connection": {:hex, :db_connection, "2.7.0", "b99faa9291bb09892c7da373bb82cba59aefa9b36300f6145c5f201c7adf48ec", [:mix], [{:telemetry, "~> 0.4 or ~> 1.0", [hex: :telemetry, repo: "hexpm", optional: false]}], "hexpm", "dcf08f31b2701f857dfc787fbad78223d61a32204f217f15e881dd93e4bdd3ff"},
  "decimal": {:hex, :decimal, "2.3.0", "3ad6255aa77b4a3c4f818171b12d237500e63525c2fd056699967a3e7ea20f62", [:mix], [], "hexpm", "a4d66355cb29cb47c3cf30e71329e58361cfcb37c34235ef3bf1d7bf3773aeac"},
  "earmark_parser": {:hex, :earmark_parser, "1.4.39", "424642f8335b05bb9eb611aa1564c148a8ee35c9c8a8bba6e129d51a3e3c6769", [:mix], [], "hexpm", "06553a88d1f1846da9ef066b87b57c6f605552cfbe40d20bd8d59cc6bde41944"},
  "ecto": {:hex, :ecto, "3.11.2", "e1d26be989db350a633667c5cda9c3d115ae779b66da567c68c80cfb26a8c9ee", [:mix], [{:decimal, "~> 2.0", [hex: :decimal, repo: "hexpm", optional: false]}, {:jason, "~> 1.0", [hex: :jason, repo: "hexpm", optional: true]}, {:telemetry, "~> 0.4 or ~> 1.0", [hex: :telemetry, repo: "hexpm", optional: false]}], "hexpm", "3c38bca2c6f8d8023f2145326cc8a80100c3ffe4dcbd9842ff867f7fc6156c65"},
  "ecto_sql": {:hex, :ecto_sql, "3.11.3", "4eb7348ff8101fbc4e6bbc5a4404a24fecbe73a3372d16569526b0cf34ebc195", [:mix], [{:db_connection, "~> 2.4.1 or ~> 2.5", [hex: :db_connection, repo: "hexpm", optional: false]}, {:ecto, "~> 3.11.0", [hex: :ecto, repo: "hexpm", optional: false]}, {:myxql, "~> 0.6", [hex: :myxql, repo: "hexpm", optional: true]}, {:postgrex, "~> 0.16 or ~> 1.0", [hex: :postgrex, repo: "hexpm", optional: true]}, {:tds, "~> 2.1.1 or ~> 2.2", [hex: :tds, repo: "hexpm", optional: true]}, {:telemetry, "~> 0.4.0 or ~> 1.0", [hex: :telemetry, repo: "hexpm", optional: false]}], "hexpm", "e5f36e3d736b99c7fee3e631333b8394ade4bafe9d96d35669fca2d81c2be928"},
  "elixir_make": {:hex, :elixir_make, "0.9.0", "6484b3cd8c0cee58f09f05ecaf1a140a8c97670671a6a0e7ab4dc326c3109726", [:mix], [], "hexpm", "db23d4fd8b757462ad02f8aa73431a426fe6671c80b200d9710caf3d1dd0ffdb"},
  "erlsom": {:hex, :erlsom, "1.5.2", "3e47c53a199136fb4d20d5479edb7c9229f31624534c062633951c8d14dcd276", [:rebar3], [], "hexpm", "4e765cc677fb30509f7b628ff2914e124cf4dcc0fac1c0a62ee4dcee24215b5d"},
  "ex_doc": {:hex, :ex_doc, "0.32.1", "21e40f939515373bcdc9cffe65f3b3543f05015ac6c3d01d991874129d173420", [:mix], [{:earmark_parser, "~> 1.4.39", [hex: :earmark_parser, repo: "hexpm", optional: false]}, {:makeup_c, ">= 0.1.1", [hex: :makeup_c, repo: "hexpm", optional: true]}, {:makeup_elixir, "~> 0.14", [hex: :makeup_elixir, repo: "hexpm", optional: false]}, {:makeup_erlang, "~> 0.1", [hex: :makeup_erlang, repo: "hexpm", optional: false]}], "hexpm", "5142c9db521f106d61ff33250f779807ed2a88620e472ac95dc7d59c380113da"},
  "excoveralls": {:hex, :excoveralls, "0.18.1", "a6f547570c6b24ec13f122a5634833a063aec49218f6fff27de9df693a15588c", [:mix], [{:castore, "~> 1.0", [hex: :castore, repo: "hexpm", optional: true]}, {:jason, "~> 1.0", [hex: :jason, repo: "hexpm", optional: false]}], "hexpm", "d65f79db146bb20399f23046015974de0079668b9abb2f5aac074d078da60b8d"},
  "expo": {:hex, :expo, "1.1.0", "f7b9ed7fb5745ebe1eeedf3d6f29226c5dd52897ac67c0f8af62a07e661e5c75", [:mix], [], "hexpm", "fbadf93f4700fb44c331362177bdca9eeb8097e8b0ef525c9cc501cb9917c960"},
  "file_system": {:hex, :file_system, "1.0.0", "b689cc7dcee665f774de94b5a832e578bd7963c8e637ef940cd44327db7de2cd", [:mix], [], "hexpm", "6752092d66aec5a10e662aefeed8ddb9531d79db0bc145bb8c40325ca1d8536d"},
  "finch": {:hex, :finch, "0.19.0", "c644641491ea854fc5c1bbaef36bfc764e3f08e7185e1f084e35e0672241b76d", [:mix], [{:mime, "~> 1.0 or ~> 2.0", [hex: :mime, repo: "hexpm", optional: false]}, {:mint, "~> 1.6.2 or ~> 1.7", [hex: :mint, repo: "hexpm", optional: false]}, {:nimble_options, "~> 0.4 or ~> 1.0", [hex: :nimble_options, repo: "hexpm", optional: false]}, {:nimble_pool, "~> 1.1", [hex: :nimble_pool, repo: "hexpm", optional: false]}, {:telemetry, "~> 0.4 or ~> 1.0", [hex: :telemetry, repo: "hexpm", optional: false]}], "hexpm", "fc5324ce209125d1e2fa0fcd2634601c52a787aff1cd33ee833664a5af4ea2b6"},
  "gettext": {:hex, :gettext, "0.26.2", "5978aa7b21fada6deabf1f6341ddba50bc69c999e812211903b169799208f2a8", [:mix], [{:expo, "~> 0.5.1 or ~> 1.0", [hex: :expo, repo: "hexpm", optional: false]}], "hexpm", "aa978504bcf76511efdc22d580ba08e2279caab1066b76bb9aa81c4a1e0a32a5"},
  "google_api_storage": {:hex, :google_api_storage, "0.34.0", "4811461a5065f8a5d59a7fe71efd9c491ba593d20743f0d6f4714153c1dd575f", [:mix], [{:google_gax, "~> 0.4", [hex: :google_gax, repo: "hexpm", optional: false]}], "hexpm", "b343f2f1688acd2e8a2302bed399a24d93626f8e8c809b358214bb0fb7d2669a"},
  "google_gax": {:hex, :google_gax, "0.4.1", "310105070626013712c56f8007b6ff7b4ead02ecad1efe7888350c6eaba52783", [:mix], [{:mime, "~> 1.0", [hex: :mime, repo: "hexpm", optional: false]}, {:poison, ">= 3.0.0 and < 5.0.0", [hex: :poison, repo: "hexpm", optional: false]}, {:tesla, "~> 1.2", [hex: :tesla, repo: "hexpm", optional: false]}], "hexpm", "aef7dce7e04840c0e611f962475e3223d27d50ebd5e7d8e9e963c5e9e3b1ca79"},
  "goth": {:hex, :goth, "1.3.1", "f3e08a7f23ea8992ab92d2e1d5c72ea1a8fbd2fe3a46ad1b08d0620f71374fdc", [:mix], [{:finch, "~> 0.9", [hex: :finch, repo: "hexpm", optional: false]}, {:jason, "~> 1.1", [hex: :jason, repo: "hexpm", optional: false]}, {:jose, "~> 1.10", [hex: :jose, repo: "hexpm", optional: false]}], "hexpm", "90326c2c0a7acda7fb75fc4a4f0cba84945d8fcb22694d36c9967cec8949937c"},
  "guardian": {:hex, :guardian, "2.2.4", "3dafdc19665411c96b2796d184064d691bc08813a132da5119e39302a252b755", [:mix], [{:jose, "~> 1.8", [hex: :jose, repo: "hexpm", optional: false]}, {:plug, "~> 1.3.3 or ~> 1.4", [hex: :plug, repo: "hexpm", optional: true]}], "hexpm", "6f83d4309c16ec2469da8606bb2a9815512cc2fac1595ad34b79940a224eb110"},
  "hackney": {:hex, :hackney, "1.23.0", "55cc09077112bcb4a69e54be46ed9bc55537763a96cd4a80a221663a7eafd767", [:rebar3], [{:certifi, "~> 2.14.0", [hex: :certifi, repo: "hexpm", optional: false]}, {:idna, "~> 6.1.0", [hex: :idna, repo: "hexpm", optional: false]}, {:metrics, "~> 1.0.0", [hex: :metrics, repo: "hexpm", optional: false]}, {:mimerl, "~> 1.1", [hex: :mimerl, repo: "hexpm", optional: false]}, {:parse_trans, "3.4.1", [hex: :parse_trans, repo: "hexpm", optional: false]}, {:ssl_verify_fun, "~> 1.1.0", [hex: :ssl_verify_fun, repo: "hexpm", optional: false]}, {:unicode_util_compat, "~> 0.7.0", [hex: :unicode_util_compat, repo: "hexpm", optional: false]}], "hexpm", "6cd1c04cd15c81e5a493f167b226a15f0938a84fc8f0736ebe4ddcab65c0b44e"},
  "hpax": {:hex, :hpax, "1.0.2", "762df951b0c399ff67cc57c3995ec3cf46d696e41f0bba17da0518d94acd4aac", [:mix], [], "hexpm", "2f09b4c1074e0abd846747329eaa26d535be0eb3d189fa69d812bfb8bfefd32f"},
  "httpoison": {:hex, :httpoison, "2.2.2", "15420e9e5bbb505b931b2f589dc8be0c3b21e2a91a2c6ba882d99bf8f3ad499d", [:mix], [{:hackney, "~> 1.21", [hex: :hackney, repo: "hexpm", optional: false]}], "hexpm", "de7ac49fe2ffd89219972fdf39b268582f6f7f68d8cd29b4482dacca1ce82324"},
  "idna": {:hex, :idna, "6.1.1", "8a63070e9f7d0c62eb9d9fcb360a7de382448200fbbd1b106cc96d3d8099df8d", [:rebar3], [{:unicode_util_compat, "~> 0.7.0", [hex: :unicode_util_compat, repo: "hexpm", optional: false]}], "hexpm", "92376eb7894412ed19ac475e4a86f7b413c1b9fbb5bd16dccd57934157944cea"},
  "jason": {:hex, :jason, "1.4.4", "b9226785a9aa77b6857ca22832cffa5d5011a667207eb2a0ad56adb5db443b8a", [:mix], [{:decimal, "~> 1.0 or ~> 2.0", [hex: :decimal, repo: "hexpm", optional: true]}], "hexpm", "c5eb0cab91f094599f94d55bc63409236a8ec69a21a67814529e8d5f6cc90b3b"},
  "jose": {:hex, :jose, "1.11.10", "a903f5227417bd2a08c8a00a0cbcc458118be84480955e8d251297a425723f83", [:mix, :rebar3], [], "hexpm", "0d6cd36ff8ba174db29148fc112b5842186b68a90ce9fc2b3ec3afe76593e614"},
  "libcluster": {:hex, :libcluster, "3.5.0", "5ee4cfde4bdf32b2fef271e33ce3241e89509f4344f6c6a8d4069937484866ba", [:mix], [{:jason, "~> 1.1", [hex: :jason, repo: "hexpm", optional: false]}, {:telemetry, "~> 1.3", [hex: :telemetry, repo: "hexpm", optional: false]}], "hexpm", "ebf6561fcedd765a4cd43b4b8c04b1c87f4177b5fb3cbdfe40a780499d72f743"},
  "makeup": {:hex, :makeup, "1.1.1", "fa0bc768698053b2b3869fa8a62616501ff9d11a562f3ce39580d60860c3a55e", [:mix], [{:nimble_parsec, "~> 1.2.2 or ~> 1.3", [hex: :nimble_parsec, repo: "hexpm", optional: false]}], "hexpm", "5dc62fbdd0de44de194898b6710692490be74baa02d9d108bc29f007783b0b48"},
  "makeup_elixir": {:hex, :makeup_elixir, "0.16.2", "627e84b8e8bf22e60a2579dad15067c755531fea049ae26ef1020cad58fe9578", [:mix], [{:makeup, "~> 1.0", [hex: :makeup, repo: "hexpm", optional: false]}, {:nimble_parsec, "~> 1.2.3 or ~> 1.3", [hex: :nimble_parsec, repo: "hexpm", optional: false]}], "hexpm", "41193978704763f6bbe6cc2758b84909e62984c7752b3784bd3c218bb341706b"},
  "makeup_erlang": {:hex, :makeup_erlang, "0.1.5", "e0ff5a7c708dda34311f7522a8758e23bfcd7d8d8068dc312b5eb41c6fd76eba", [:mix], [{:makeup, "~> 1.0", [hex: :makeup, repo: "hexpm", optional: false]}], "hexpm", "94d2e986428585a21516d7d7149781480013c56e30c6a233534bedf38867a59a"},
  "metrics": {:hex, :metrics, "1.0.1", "25f094dea2cda98213cecc3aeff09e940299d950904393b2a29d191c346a8486", [:rebar3], [], "hexpm", "69b09adddc4f74a40716ae54d140f93beb0fb8978d8636eaded0c31b6f099f16"},
  "mime": {:hex, :mime, "1.6.0", "dabde576a497cef4bbdd60aceee8160e02a6c89250d6c0b29e56c0dfb00db3d2", [:mix], [], "hexpm", "31a1a8613f8321143dde1dafc36006a17d28d02bdfecb9e95a880fa7aabd19a7"},
  "mimerl": {:hex, :mimerl, "1.3.0", "d0cd9fc04b9061f82490f6581e0128379830e78535e017f7780f37fea7545726", [:rebar3], [], "hexpm", "a1e15a50d1887217de95f0b9b0793e32853f7c258a5cd227650889b38839fe9d"},
  "mint": {:hex, :mint, "1.7.1", "113fdb2b2f3b59e47c7955971854641c61f378549d73e829e1768de90fc1abf1", [:mix], [{:castore, "~> 0.1.0 or ~> 1.0", [hex: :castore, repo: "hexpm", optional: true]}, {:hpax, "~> 0.1.1 or ~> 0.2.0 or ~> 1.0", [hex: :hpax, repo: "hexpm", optional: false]}], "hexpm", "fceba0a4d0f24301ddee3024ae116df1c3f4bb7a563a731f45fdfeb9d39a231b"},
  "nimble_options": {:hex, :nimble_options, "1.1.1", "e3a492d54d85fc3fd7c5baf411d9d2852922f66e69476317787a7b2bb000a61b", [:mix], [], "hexpm", "821b2470ca9442c4b6984882fe9bb0389371b8ddec4d45a9504f00a66f650b44"},
  "nimble_parsec": {:hex, :nimble_parsec, "1.4.0", "51f9b613ea62cfa97b25ccc2c1b4216e81df970acd8e16e8d1bdc58fef21370d", [:mix], [], "hexpm", "9c565862810fb383e9838c1dd2d7d2c437b3d13b267414ba6af33e50d2d1cf28"},
  "nimble_pool": {:hex, :nimble_pool, "1.1.0", "bf9c29fbdcba3564a8b800d1eeb5a3c58f36e1e11d7b7fb2e084a643f645f06b", [:mix], [], "hexpm", "af2e4e6b34197db81f7aad230c1118eac993acc0dae6bc83bac0126d4ae0813a"},
  "open_api_spex": {:hex, :open_api_spex, "3.18.3", "fefb84fe323cacfc92afdd0ecb9e89bc0261ae00b7e3167ffc2028ce3944de42", [:mix], [{:jason, "~> 1.0", [hex: :jason, repo: "hexpm", optional: true]}, {:plug, "~> 1.7", [hex: :plug, repo: "hexpm", optional: false]}, {:poison, "~> 3.0 or ~> 4.0 or ~> 5.0", [hex: :poison, repo: "hexpm", optional: true]}, {:ymlr, "~> 2.0 or ~> 3.0 or ~> 4.0 or ~> 5.0", [hex: :ymlr, repo: "hexpm", optional: true]}], "hexpm", "c0cfc31570199ce7e7520b494a591027da609af45f6bf9adce51e2469b1609fb"},
  "parse_trans": {:hex, :parse_trans, "3.4.1", "6e6aa8167cb44cc8f39441d05193be6e6f4e7c2946cb2759f015f8c56b76e5ff", [:rebar3], [], "hexpm", "620a406ce75dada827b82e453c19cf06776be266f5a67cff34e1ef2cbb60e49a"},
  "phoenix": {:hex, :phoenix, "1.7.20", "6bababaf27d59f5628f9b608de902a021be2cecefb8231e1dbdc0a2e2e480e9b", [:mix], [{:castore, ">= 0.0.0", [hex: :castore, repo: "hexpm", optional: false]}, {:jason, "~> 1.0", [hex: :jason, repo: "hexpm", optional: true]}, {:phoenix_pubsub, "~> 2.1", [hex: :phoenix_pubsub, repo: "hexpm", optional: false]}, {:phoenix_template, "~> 1.0", [hex: :phoenix_template, repo: "hexpm", optional: false]}, {:phoenix_view, "~> 2.0", [hex: :phoenix_view, repo: "hexpm", optional: true]}, {:plug, "~> 1.14", [hex: :plug, repo: "hexpm", optional: false]}, {:plug_cowboy, "~> 2.7", [hex: :plug_cowboy, repo: "hexpm", optional: true]}, {:plug_crypto, "~> 1.2 or ~> 2.0", [hex: :plug_crypto, repo: "hexpm", optional: false]}, {:telemetry, "~> 0.4 or ~> 1.0", [hex: :telemetry, repo: "hexpm", optional: false]}, {:websock_adapter, "~> 0.5.3", [hex: :websock_adapter, repo: "hexpm", optional: false]}], "hexpm", "6be2ab98302e8784a31829e0d50d8bdfa81a23cd912c395bafd8b8bfb5a086c2"},
  "phoenix_pubsub": {:hex, :phoenix_pubsub, "2.1.3", "3168d78ba41835aecad272d5e8cd51aa87a7ac9eb836eabc42f6e57538e3731d", [:mix], [], "hexpm", "bba06bc1dcfd8cb086759f0edc94a8ba2bc8896d5331a1e2c2902bf8e36ee502"},
  "phoenix_template": {:hex, :phoenix_template, "1.0.4", "e2092c132f3b5e5b2d49c96695342eb36d0ed514c5b252a77048d5969330d639", [:mix], [{:phoenix_html, "~> 2.14.2 or ~> 3.0 or ~> 4.0", [hex: :phoenix_html, repo: "hexpm", optional: true]}], "hexpm", "2c0c81f0e5c6753faf5cca2f229c9709919aba34fab866d3bc05060c9c444206"},
  "phoenix_view": {:hex, :phoenix_view, "2.0.4", "b45c9d9cf15b3a1af5fb555c674b525391b6a1fe975f040fb4d913397b31abf4", [:mix], [{:phoenix_html, "~> 2.14.2 or ~> 3.0 or ~> 4.0", [hex: :phoenix_html, repo: "hexpm", optional: true]}, {:phoenix_template, "~> 1.0", [hex: :phoenix_template, repo: "hexpm", optional: false]}], "hexpm", "4e992022ce14f31fe57335db27a28154afcc94e9983266835bb3040243eb620b"},
  "plug": {:hex, :plug, "1.17.0", "a0832e7af4ae0f4819e0c08dd2e7482364937aea6a8a997a679f2cbb7e026b2e", [:mix], [{:mime, "~> 1.0 or ~> 2.0", [hex: :mime, repo: "hexpm", optional: false]}, {:plug_crypto, "~> 1.1.1 or ~> 1.2 or ~> 2.0", [hex: :plug_crypto, repo: "hexpm", optional: false]}, {:telemetry, "~> 0.4.3 or ~> 1.0", [hex: :telemetry, repo: "hexpm", optional: false]}], "hexpm", "f6692046652a69a00a5a21d0b7e11fcf401064839d59d6b8787f23af55b1e6bc"},
  "plug_cowboy": {:hex, :plug_cowboy, "2.7.3", "1304d36752e8bdde213cea59ef424ca932910a91a07ef9f3874be709c4ddb94b", [:mix], [{:cowboy, "~> 2.7", [hex: :cowboy, repo: "hexpm", optional: false]}, {:cowboy_telemetry, "~> 0.3", [hex: :cowboy_telemetry, repo: "hexpm", optional: false]}, {:plug, "~> 1.14", [hex: :plug, repo: "hexpm", optional: false]}], "hexpm", "77c95524b2aa5364b247fa17089029e73b951ebc1adeef429361eab0bb55819d"},
  "plug_crypto": {:hex, :plug_crypto, "2.1.0", "f44309c2b06d249c27c8d3f65cfe08158ade08418cf540fd4f72d4d6863abb7b", [:mix], [], "hexpm", "131216a4b030b8f8ce0f26038bc4421ae60e4bb95c5cf5395e1421437824c4fa"},
  "poison": {:hex, :poison, "4.0.1", "bcb755a16fac91cad79bfe9fc3585bb07b9331e50cfe3420a24bcc2d735709ae", [:mix], [], "hexpm", "ba8836feea4b394bb718a161fc59a288fe0109b5006d6bdf97b6badfcf6f0f25"},
  "postgrex": {:hex, :postgrex, "0.19.2", "34d6884a332c7bf1e367fc8b9a849d23b43f7da5c6e263def92784d03f9da468", [:mix], [{:db_connection, "~> 2.1", [hex: :db_connection, repo: "hexpm", optional: false]}, {:decimal, "~> 1.5 or ~> 2.0", [hex: :decimal, repo: "hexpm", optional: false]}, {:jason, "~> 1.0", [hex: :jason, repo: "hexpm", optional: true]}, {:table, "~> 0.1.0", [hex: :table, repo: "hexpm", optional: true]}], "hexpm", "618988886ab7ae8561ebed9a3c7469034bf6a88b8995785a3378746a4b9835ec"},
  "ranch": {:hex, :ranch, "2.2.0", "25528f82bc8d7c6152c57666ca99ec716510fe0925cb188172f41ce93117b1b0", [:make, :rebar3], [], "hexpm", "fa0b99a1780c80218a4197a59ea8d3bdae32fbff7e88527d7d8a4787eff4f8e7"},
  "ssl_verify_fun": {:hex, :ssl_verify_fun, "1.1.7", "354c321cf377240c7b8716899e182ce4890c5938111a1296add3ec74cf1715df", [:make, :mix, :rebar3], [], "hexpm", "fe4c190e8f37401d30167c8c405eda19469f34577987c76dde613e838bbc67f8"},
  "swoosh": {:hex, :swoosh, "1.16.4", "d407768b3b68e3d1ff8d43b575a20c13bea338647143e241a324894cdb5af0b2", [:mix], [{:bandit, ">= 1.0.0", [hex: :bandit, repo: "hexpm", optional: true]}, {:cowboy, "~> 1.1 or ~> 2.4", [hex: :cowboy, repo: "hexpm", optional: true]}, {:ex_aws, "~> 2.1", [hex: :ex_aws, repo: "hexpm", optional: true]}, {:finch, "~> 0.6", [hex: :finch, repo: "hexpm", optional: true]}, {:gen_smtp, "~> 0.13 or ~> 1.0", [hex: :gen_smtp, repo: "hexpm", optional: true]}, {:hackney, "~> 1.9", [hex: :hackney, repo: "hexpm", optional: true]}, {:jason, "~> 1.0", [hex: :jason, repo: "hexpm", optional: false]}, {:mail, "~> 0.2", [hex: :mail, repo: "hexpm", optional: true]}, {:mime, "~> 1.1 or ~> 2.0", [hex: :mime, repo: "hexpm", optional: false]}, {:mua, "~> 0.1.0", [hex: :mua, repo: "hexpm", optional: true]}, {:multipart, "~> 0.4", [hex: :multipart, repo: "hexpm", optional: true]}, {:plug, "~> 1.9", [hex: :plug, repo: "hexpm", optional: true]}, {:plug_cowboy, ">= 1.0.0", [hex: :plug_cowboy, repo: "hexpm", optional: true]}, {:req, "~> 0.4 or ~> 1.0", [hex: :req, repo: "hexpm", optional: true]}, {:telemetry, "~> 0.4.2 or ~> 1.0", [hex: :telemetry, repo: "hexpm", optional: false]}], "hexpm", "a38798368c09b09d7108803c42f24bb051d3e87bc1b81e6f09b20bf5a31c6676"},
  "telemetry": {:hex, :telemetry, "1.3.0", "fedebbae410d715cf8e7062c96a1ef32ec22e764197f70cda73d82778d61e7a2", [:rebar3], [], "hexpm", "7015fc8919dbe63764f4b4b87a95b7c0996bd539e0d499be6ec9d7f3875b79e6"},
  "telemetry_metrics": {:hex, :telemetry_metrics, "0.6.2", "2caabe9344ec17eafe5403304771c3539f3b6e2f7fb6a6f602558c825d0d0bfb", [:mix], [{:telemetry, "~> 0.4 or ~> 1.0", [hex: :telemetry, repo: "hexpm", optional: false]}], "hexpm", "9b43db0dc33863930b9ef9d27137e78974756f5f198cae18409970ed6fa5b561"},
  "telemetry_poller": {:hex, :telemetry_poller, "1.1.0", "58fa7c216257291caaf8d05678c8d01bd45f4bdbc1286838a28c4bb62ef32999", [:rebar3], [{:telemetry, "~> 1.0", [hex: :telemetry, repo: "hexpm", optional: false]}], "hexpm", "9eb9d9cbfd81cbd7cdd24682f8711b6e2b691289a0de6826e58452f28c103c8f"},
  "tesla": {:hex, :tesla, "1.14.1", "71c5b031b4e089c0fbfb2b362e24b4478465773ae4ef569760a8c2899ad1e73c", [:mix], [{:castore, "~> 0.1 or ~> 1.0", [hex: :castore, repo: "hexpm", optional: true]}, {:exjsx, ">= 3.0.0", [hex: :exjsx, repo: "hexpm", optional: true]}, {:finch, "~> 0.13", [hex: :finch, repo: "hexpm", optional: true]}, {:fuse, "~> 2.4", [hex: :fuse, repo: "hexpm", optional: true]}, {:gun, ">= 1.0.0", [hex: :gun, repo: "hexpm", optional: true]}, {:hackney, "~> 1.21", [hex: :hackney, repo: "hexpm", optional: true]}, {:ibrowse, "4.4.2", [hex: :ibrowse, repo: "hexpm", optional: true]}, {:jason, ">= 1.0.0", [hex: :jason, repo: "hexpm", optional: true]}, {:mime, "~> 1.0 or ~> 2.0", [hex: :mime, repo: "hexpm", optional: false]}, {:mint, "~> 1.0", [hex: :mint, repo: "hexpm", optional: true]}, {:mox, "~> 1.0", [hex: :mox, repo: "hexpm", optional: true]}, {:msgpax, "~> 2.3", [hex: :msgpax, repo: "hexpm", optional: true]}, {:poison, ">= 1.0.0", [hex: :poison, repo: "hexpm", optional: true]}, {:telemetry, "~> 0.4 or ~> 1.0", [hex: :telemetry, repo: "hexpm", optional: true]}], "hexpm", "c1dde8140a49a3bef5bb622356e77ac5a24ad0c8091f12c3b7fc1077ce797155"},
  "timex": {:hex, :timex, "3.7.11", "bb95cb4eb1d06e27346325de506bcc6c30f9c6dea40d1ebe390b262fad1862d1", [:mix], [{:combine, "~> 0.10", [hex: :combine, repo: "hexpm", optional: false]}, {:gettext, "~> 0.20", [hex: :gettext, repo: "hexpm", optional: false]}, {:tzdata, "~> 1.1", [hex: :tzdata, repo: "hexpm", optional: false]}], "hexpm", "8b9024f7efbabaf9bd7aa04f65cf8dcd7c9818ca5737677c7b76acbc6a94d1aa"},
  "typed_struct": {:hex, :typed_struct, "0.2.1", "e1993414c371f09ff25231393b6430bd89d780e2a499ae3b2d2b00852f593d97", [:mix], [], "hexpm", "8f5218c35ec38262f627b2c522542f1eae41f625f92649c0af701a6fab2e11b3"},
  "tzdata": {:hex, :tzdata, "1.1.3", "b1cef7bb6de1de90d4ddc25d33892b32830f907e7fc2fccd1e7e22778ab7dfbc", [:mix], [{:hackney, "~> 1.17", [hex: :hackney, repo: "hexpm", optional: false]}], "hexpm", "d4ca85575a064d29d4e94253ee95912edfb165938743dbf002acdf0dcecb0c28"},
  "unicode_util_compat": {:hex, :unicode_util_compat, "0.7.0", "bc84380c9ab48177092f43ac89e4dfa2c6d62b40b8bd132b1059ecc7232f9a78", [:rebar3], [], "hexpm", "25eee6d67df61960cf6a794239566599b09e17e668d3700247bc498638152521"},
  "uuid": {:hex, :uuid, "1.1.8", "e22fc04499de0de3ed1116b770c7737779f226ceefa0badb3592e64d5cfb4eb9", [:mix], [], "hexpm", "c790593b4c3b601f5dc2378baae7efaf5b3d73c4c6456ba85759905be792f2ac"},
  "websock": {:hex, :websock, "0.5.3", "2f69a6ebe810328555b6fe5c831a851f485e303a7c8ce6c5f675abeb20ebdadc", [:mix], [], "hexpm", "6105453d7fac22c712ad66fab1d45abdf049868f253cf719b625151460b8b453"},
  "websock_adapter": {:hex, :websock_adapter, "0.5.8", "3b97dc94e407e2d1fc666b2fb9acf6be81a1798a2602294aac000260a7c4a47d", [:mix], [{:bandit, ">= 0.6.0", [hex: :bandit, repo: "hexpm", optional: true]}, {:plug, "~> 1.14", [hex: :plug, repo: "hexpm", optional: false]}, {:plug_cowboy, "~> 2.6", [hex: :plug_cowboy, repo: "hexpm", optional: true]}, {:websock, "~> 0.5", [hex: :websock, repo: "hexpm", optional: false]}], "hexpm", "315b9a1865552212b5f35140ad194e67ce31af45bcee443d4ecb96b5fd3f3782"},
  "xlsxir": {:hex, :xlsxir, "1.6.4", "d1e69439cbd9edc1190950f9f883ac364e1f31641e0395ccdb27761791b169a3", [:mix], [{:erlsom, "~> 1.5", [hex: :erlsom, repo: "hexpm", optional: false]}], "hexpm", "38e91f65eb8a4c8dea07d941c8b7e21baf8c8d4938232395c9ffd19d2eb071f2"},
  "ymlr": {:hex, :ymlr, "2.0.0", "7525b6da40250777c35456017ef44f7faec06da254eafcf9f9cfb0d65f4c8cb7", [:mix], [], "hexpm", "f9301ad7ea377213b506f6e58ddffd1a7743e24238bb70e572ee510bdc2d1d5a"},
}
